{
  "version": 4,
  "terraform_version": "1.4.6",
  "serial": 139,
  "lineage": "b62cb1f6-1be8-c8e1-fab6-6ce497413ad5",
  "outputs": {},
  "resources": [
    {
      "mode": "managed",
      "type": "aws_internet_gateway",
      "name": "primary",
      "provider": "provider[\"registry.terraform.io/hashicorp/aws\"]",
      "instances": [
        {
          "schema_version": 0,
          "attributes": {
            "arn": "arn:aws:ec2:ap-south-1:048553884987:internet-gateway/igw-0efce07d3a350fd55",
            "id": "igw-0efce07d3a350fd55",
            "owner_id": "048553884987",
            "tags": {
              "Name": "Primary"
            },
            "tags_all": {
              "Name": "Primary"
            },
            "timeouts": null,
            "vpc_id": "vpc-006c56429bc69b4c4"
          },
          "sensitive_attributes": [],
          "private": "eyJlMmJmYjczMC1lY2FhLTExZTYtOGY4OC0zNDM2M2JjN2M0YzAiOnsiY3JlYXRlIjoxMjAwMDAwMDAwMDAwLCJkZWxldGUiOjEyMDAwMDAwMDAwMDAsInVwZGF0ZSI6MTIwMDAwMDAwMDAwMH19",
          "dependencies": [
            "aws_vpc.primary"
          ]
        }
      ]
    },
    {
      "mode": "managed",
      "type": "aws_key_pair",
      "name": "nginx_server_key",
      "provider": "provider[\"registry.terraform.io/hashicorp/aws\"]",
      "instances": [
        {
          "schema_version": 1,
          "attributes": {
            "arn": "arn:aws:ec2:ap-south-1:048553884987:key-pair/nginx_server_key",
            "fingerprint": "cd:99:92:85:be:4f:bf:bf:d2:20:50:4e:8f:6b:78:4f",
            "id": "nginx_server_key",
            "key_name": "nginx_server_key",
            "key_name_prefix": "",
            "key_pair_id": "key-0727c189bfd76eec5",
            "key_type": "rsa",
            "public_key": "ssh-rsa AAAAB3NzaC1yc2EAAAADAQABAAABgQDCMDuvDMLzBBfOEBFR9AC5zS5uuZm0uuBGAd0QLcaL3ZHuQP7igrqdnSC0B2Uuz/oc1qmHYX9yLNlaIBprs94ReEQkg8gT1uN5r0L+avQbIlMszWOhmwGlDF85pNimSDJj4cq/MkjmOkyNhLYe7kUMELZKUEt4Q2sJyPY7qxRgX7WMbGG8pmzGg36D9TA8OUXovo8Cc5B6bG/EzMEg+gDV76iV76tPjZMvrGIFLX4CjG5IFUdFPveRQeTUqBcTS5JMsSSM7fFBiMg34bvkYcIZRG2M61qGw3DX9Ipv6n/h7rmzcw/rDA0iuROVmVeAe7+lMLfWtJ4Sq/EAq1Rb9X7uJlwY0Dn0xT/pXCyObylUykuZUb7IbyEdBiuidhT2j68BST/k2FjEVKvVa0EPE1QGAdIfbviMNXmbk8BOZQQU8H5lEukv+E2mM/bQ9f4UUmTuMsp4BtWlvmMH+KOqcO3E21lnMbAXSJkxI/rC/p4kR1eO+qBsUekfL8rI2VUAUXc= rusmeen.khan@mac-HVJQKCWPDX",
            "tags": {},
            "tags_all": {}
          },
          "sensitive_attributes": [],
          "private": "eyJzY2hlbWFfdmVyc2lvbiI6IjEifQ=="
        }
      ]
    },
    {
      "mode": "managed",
      "type": "aws_route_table",
      "name": "primary_route_table",
      "provider": "provider[\"registry.terraform.io/hashicorp/aws\"]",
      "instances": [
        {
          "schema_version": 0,
          "attributes": {
            "arn": "arn:aws:ec2:ap-south-1:048553884987:route-table/rtb-0cf9c074425297235",
            "id": "rtb-0cf9c074425297235",
            "owner_id": "048553884987",
            "propagating_vgws": [],
            "route": [
              {
                "carrier_gateway_id": "",
                "cidr_block": "0.0.0.0/0",
                "core_network_arn": "",
                "destination_prefix_list_id": "",
                "egress_only_gateway_id": "",
                "gateway_id": "igw-0efce07d3a350fd55",
                "ipv6_cidr_block": "",
                "local_gateway_id": "",
                "nat_gateway_id": "",
                "network_interface_id": "",
                "transit_gateway_id": "",
                "vpc_endpoint_id": "",
                "vpc_peering_connection_id": ""
              }
            ],
            "tags": {
              "Name": "Primary_route_table"
            },
            "tags_all": {
              "Name": "Primary_route_table"
            },
            "timeouts": null,
            "vpc_id": "vpc-006c56429bc69b4c4"
          },
          "sensitive_attributes": [],
          "private": "eyJlMmJmYjczMC1lY2FhLTExZTYtOGY4OC0zNDM2M2JjN2M0YzAiOnsiY3JlYXRlIjozMDAwMDAwMDAwMDAsImRlbGV0ZSI6MzAwMDAwMDAwMDAwLCJ1cGRhdGUiOjEyMDAwMDAwMDAwMH19",
          "dependencies": [
            "aws_internet_gateway.primary",
            "aws_vpc.primary"
          ]
        }
      ]
    },
    {
      "mode": "managed",
      "type": "aws_route_table_association",
      "name": "primary_route_table_primary_subnet",
      "provider": "provider[\"registry.terraform.io/hashicorp/aws\"]",
      "instances": [
        {
          "schema_version": 0,
          "attributes": {
            "gateway_id": "",
            "id": "rtbassoc-0e59e2c156324325e",
            "route_table_id": "rtb-0cf9c074425297235",
            "subnet_id": "subnet-038a45397b196f705",
            "timeouts": null
          },
          "sensitive_attributes": [],
          "private": "eyJlMmJmYjczMC1lY2FhLTExZTYtOGY4OC0zNDM2M2JjN2M0YzAiOnsiY3JlYXRlIjozMDAwMDAwMDAwMDAsImRlbGV0ZSI6MzAwMDAwMDAwMDAwLCJ1cGRhdGUiOjEyMDAwMDAwMDAwMH19",
          "dependencies": [
            "aws_internet_gateway.primary",
            "aws_route_table.primary_route_table",
            "aws_subnet.Primary_subnet",
            "aws_vpc.primary"
          ]
        }
      ]
    },
    {
      "mode": "managed",
      "type": "aws_security_group",
      "name": "ssh_sg",
      "provider": "provider[\"registry.terraform.io/hashicorp/aws\"]",
      "instances": [
        {
          "schema_version": 1,
          "attributes": {
            "arn": "arn:aws:ec2:ap-south-1:048553884987:security-group/sg-0e1761c5683200d9c",
            "description": "Managed by Terraform",
            "egress": [
              {
                "cidr_blocks": [
                  "0.0.0.0/0"
                ],
                "description": "",
                "from_port": 0,
                "ipv6_cidr_blocks": [
                  "::/0"
                ],
                "prefix_list_ids": [],
                "protocol": "-1",
                "security_groups": [],
                "self": false,
                "to_port": 0
              }
            ],
            "id": "sg-0e1761c5683200d9c",
            "ingress": [
              {
                "cidr_blocks": [
                  "0.0.0.0/0"
                ],
                "description": "nginx ui",
                "from_port": 8080,
                "ipv6_cidr_blocks": [],
                "prefix_list_ids": [],
                "protocol": "tcp",
                "security_groups": [],
                "self": false,
                "to_port": 8080
              },
              {
                "cidr_blocks": [
                  "223.190.83.113/32"
                ],
                "description": "ssh from local",
                "from_port": 22,
                "ipv6_cidr_blocks": [],
                "prefix_list_ids": [],
                "protocol": "tcp",
                "security_groups": [],
                "self": false,
                "to_port": 22
              }
            ],
            "name": "ssh_sg",
            "name_prefix": "",
            "owner_id": "048553884987",
            "revoke_rules_on_delete": false,
            "tags": {
              "Name": "ssh_sg"
            },
            "tags_all": {
              "Name": "ssh_sg"
            },
            "timeouts": null,
            "vpc_id": "vpc-006c56429bc69b4c4"
          },
          "sensitive_attributes": [],
          "private": "eyJlMmJmYjczMC1lY2FhLTExZTYtOGY4OC0zNDM2M2JjN2M0YzAiOnsiY3JlYXRlIjo2MDAwMDAwMDAwMDAsImRlbGV0ZSI6OTAwMDAwMDAwMDAwfSwic2NoZW1hX3ZlcnNpb24iOiIxIn0=",
          "dependencies": [
            "aws_vpc.primary"
          ]
        }
      ]
    },
    {
      "mode": "managed",
      "type": "aws_subnet",
      "name": "Primary_subnet",
      "provider": "provider[\"registry.terraform.io/hashicorp/aws\"]",
      "instances": [
        {
          "schema_version": 1,
          "attributes": {
            "arn": "arn:aws:ec2:ap-south-1:048553884987:subnet/subnet-038a45397b196f705",
            "assign_ipv6_address_on_creation": false,
            "availability_zone": "ap-south-1b",
            "availability_zone_id": "aps1-az3",
            "cidr_block": "10.100.1.0/24",
            "customer_owned_ipv4_pool": "",
            "enable_dns64": false,
            "enable_lni_at_device_index": 0,
            "enable_resource_name_dns_a_record_on_launch": false,
            "enable_resource_name_dns_aaaa_record_on_launch": false,
            "id": "subnet-038a45397b196f705",
            "ipv6_cidr_block": "",
            "ipv6_cidr_block_association_id": "",
            "ipv6_native": false,
            "map_customer_owned_ip_on_launch": false,
            "map_public_ip_on_launch": false,
            "outpost_arn": "",
            "owner_id": "048553884987",
            "private_dns_hostname_type_on_launch": "ip-name",
            "tags": {
              "Name": "Primary_subnet",
              "description": "main subnet for demo project"
            },
            "tags_all": {
              "Name": "Primary_subnet",
              "description": "main subnet for demo project"
            },
            "timeouts": null,
            "vpc_id": "vpc-006c56429bc69b4c4"
          },
          "sensitive_attributes": [],
          "private": "eyJlMmJmYjczMC1lY2FhLTExZTYtOGY4OC0zNDM2M2JjN2M0YzAiOnsiY3JlYXRlIjo2MDAwMDAwMDAwMDAsImRlbGV0ZSI6MTIwMDAwMDAwMDAwMH0sInNjaGVtYV92ZXJzaW9uIjoiMSJ9",
          "dependencies": [
            "aws_vpc.primary"
          ]
        }
      ]
    },
    {
      "mode": "managed",
      "type": "aws_vpc",
      "name": "primary",
      "provider": "provider[\"registry.terraform.io/hashicorp/aws\"]",
      "instances": [
        {
          "schema_version": 1,
          "attributes": {
            "arn": "arn:aws:ec2:ap-south-1:048553884987:vpc/vpc-006c56429bc69b4c4",
            "assign_generated_ipv6_cidr_block": false,
            "cidr_block": "10.100.0.0/16",
            "default_network_acl_id": "acl-0f102c20e05771742",
            "default_route_table_id": "rtb-00661477ae79f50b2",
            "default_security_group_id": "sg-07bfed5568d84533b",
            "dhcp_options_id": "dopt-041be495e8cb8c087",
            "enable_dns_hostnames": false,
            "enable_dns_support": true,
            "enable_network_address_usage_metrics": false,
            "id": "vpc-006c56429bc69b4c4",
            "instance_tenancy": "default",
            "ipv4_ipam_pool_id": null,
            "ipv4_netmask_length": null,
            "ipv6_association_id": "",
            "ipv6_cidr_block": "",
            "ipv6_cidr_block_network_border_group": "",
            "ipv6_ipam_pool_id": "",
            "ipv6_netmask_length": 0,
            "main_route_table_id": "rtb-00661477ae79f50b2",
            "owner_id": "048553884987",
            "tags": {
              "Name": "Primary",
              "description": "main vpc for demo project"
            },
            "tags_all": {
              "Name": "Primary",
              "description": "main vpc for demo project"
            }
          },
          "sensitive_attributes": [],
          "private": "eyJzY2hlbWFfdmVyc2lvbiI6IjEifQ=="
        }
      ]
    }
  ],
  "check_results": null
}
